hash: 9ea84262484cd612cd6253fbecc760e30cd14fdbceebe619b4e680e2fdda22e7
updated: 2017-06-22T14:40:59.587466541+01:00
imports:
- name: github.com/alexflint/go-arg
  version: cef6506c97e5731da728c374ff3523e481026423
- name: github.com/alexflint/go-scalar
  version: 45e5d6cd8605faef82fda2bacc59e734a0b6f1f0
- name: github.com/sirupsen/logrus
  version: 202f25545ea4cf9b191ff7f846df5d87c9382c2b
- name: golang.org/x/sys
  version: e48874b42435b4347fc52bdee0424a52abc974d7
  subpackages:
  - unix
- name: gopkg.in/mgo.v2
  version: 3f83fa5005286a7fe593b055f0d7771a7dce4655
  subpackages:
  - bson
  - internal/json
  - internal/sasl
  - internal/scram
testImports: []
